
Microsoft Visual Studio Solution File, Format Version 12.00
# Visual Studio 15
VisualStudioVersion = 15.0.27004.2005
MinimumVisualStudioVersion = 10.0.40219.1
Project("{FAE04EC0-301F-11D3-BF4B-00C04F79EFBC}") = "MahAppsMetro.Samples", "MahAppsMetro.Samples\MahAppsMetro.Samples.csproj", "{E87DA81C-5DAA-4CF0-AE63-8024A3A5154D}"
EndProject
Global
	GlobalSection(SolutionConfigurationPlatforms) = preSolution
		Debug|Any CPU = Debug|Any CPU
		Release|Any CPU = Release|Any CPU
	EndGlobalSection
	GlobalSection(ProjectConfigurationPlatforms) = postSolution
		{E87DA81C-5DAA-4CF0-AE63-8024A3A5154D}.Debug|Any CPU.ActiveCfg = Debug|Any CPU
		{E87DA81C-5DAA-4CF0-AE63-8024A3A5154D}.Debug|Any CPU.Build.0 = Debug|Any CPU
		{E87DA81C-5DAA-4CF0-AE63-8024A3A5154D}.Release|Any CPU.ActiveCfg = Release|Any CPU
		{E87DA81C-5DAA-4CF0-AE63-8024A3A5154D}.Release|Any CPU.Build.0 = Release|Any CPU
	EndGlobalSection
	GlobalSection(SolutionProperties) = preSolution
		HideSolutionNode = FALSE
	EndGlobalSection
	GlobalSection(ExtensibilityGlobals) = postSolution
		SolutionGuid = {3A69CA75-66B5-4647-BE8D-6BFDF27E0F24}
	EndGlobalSection
EndGlobal
